GEM
  remote: https://rubygems.org/
  specs:
    base64 (0.3.0)
    benchmark (0.5.0)
    bigdecimal (4.1.3)
    builder (3.3.0)
    csv (3.3.6)
    erubi (1.13.1)
    ffi (1.17.4)
    ffi (1.17.4-aarch64-linux-gnu)
    ffi (1.17.4-aarch64-linux-musl)
    ffi (1.17.4-arm-linux-gnu)
    ffi (1.17.4-arm-linux-musl)
    ffi (1.17.4-arm64-darwin)
    ffi (1.17.4-x86-linux-gnu)
    ffi (1.17.4-x86-linux-musl)
    ffi (1.17.4-x86_64-darwin)
    ffi (1.17.4-x86_64-linux-gnu)
    ffi (1.17.4-x86_64-linux-musl)
    fileutils (1.8.0)
    gssapi (1.3.1)
      ffi (>= 1.0.1)
    gyoku (1.4.0)
      builder (>= 2.1.2)
      rexml (~> 3.0)
    httpclient (2.9.0)
      mutex_m
    logger (1.7.0)
    mutex_m (0.3.0)
    nori (2.9.1)
      bigdecimal
      stringio
    rexml (3.4.4)
    rubyntlm (0.6.8)
      base64
    rubyzip (3.7.0)
    stringio (3.2.0)
    winrm (2.4.1)
      base64 (~> 0.2)
      builder (>= 2.1.2)
      erubi (~> 1.8)
      gssapi (~> 1.2)
      gyoku (~> 1.0)
      httpclient (~> 2.2, >= 2.2.0.2)
      logger (~> 1.6)
      nori (~> 2.0, >= 2.7.1)
      rexml (~> 3.0)
      rubyntlm (~> 0.6.0, >= 0.6.3)
    winrm-fs (1.3.7)
      benchmark
      csv (~> 3.3)
      logger
      rubyzip (~> 3.4)
      winrm (~> 2.0)

PLATFORMS
  aarch64-linux-gnu
  aarch64-linux-musl
  arm-linux-gnu
  arm-linux-musl
  arm64-darwin
  ruby
  x86-linux-gnu
  x86-linux-musl
  x86_64-darwin
  x86_64-linux-gnu
  x86_64-linux-musl

DEPENDENCIES
  csv
  fileutils
  logger
  stringio
  winrm (>= 2.3.7)
  winrm-fs (>= 1.3.2)

BUNDLED WITH
   2.7.2
